Microsoft Visual Studio Solution File, Format Version 12.00
# Visual Studio Version 17
VisualStudioVersion = 17.0.31919.166
MinimumVisualStudioVersion = 10.0.40219.1
Project("{9A19103F-16F7-4668-BE54-9A1E7A4F7556}") = "Targil0", "Targil0\Targil0.csproj", "{0F0DE729-FCD6-4912-8C5B-A1E16E0EC16A}"
EndProject
Project("{2150E333-8FDC-42A3-9474-1A3956D46DE8}") = "Solution Items", "Solution Items", "{78760FD6-569E-439D-9DE1-D6C349F71EC8}"
	ProjectSection(SolutionItems) = preProject
		README.md = README.md
	EndProjectSection
EndProject
Project("{9A19103F-16F7-4668-BE54-9A1E7A4F7556}") = "ConsoleUI", "ConsoleUI\ConsoleUI.csproj", "{ACBFE889-6886-45B9-8C4F-3F193405337E}"
EndProject
Project("{9A19103F-16F7-4668-BE54-9A1E7A4F7556}") = "DalObject", "DalObject\DalObject.csproj", "{B3F6CA1A-DDB7-4384-9CEA-BE0BE6AC52AD}"
EndProject
Project("{9A19103F-16F7-4668-BE54-9A1E7A4F7556}") = "BL", "BL\BL.csproj", "{20F721F9-7E27-479F-809B-03467BDB4092}"
EndProject
Project("{9A19103F-16F7-4668-BE54-9A1E7A4F7556}") = "ConsoleUI_BL", "ConsoleUI_BL\ConsoleUI_BL.csproj", "{4707424D-A9A0-456D-A274-25BCFC689442}"
EndProject
Project("{9A19103F-16F7-4668-BE54-9A1E7A4F7556}") = "PL", "PL\PL.csproj", "{3075B0D6-4193-432D-B201-BE2451954FA8}"
	ProjectSection(ProjectDependencies) = postProject
		{20F721F9-7E27-479F-809B-03467BDB4092} = {20F721F9-7E27-479F-809B-03467BDB4092}
	EndProjectSection
EndProject
Project("{9A19103F-16F7-4668-BE54-9A1E7A4F7556}") = "DalFacade", "DalApi\DalFacade.csproj", "{D3B0C7DA-20B6-49F1-9C75-95572956F75B}"
EndProject
Project("{2150E333-8FDC-42A3-9474-1A3956D46DE8}") = "xml", "xml", "{36EF1AE6-5E2F-463D-BC8F-12759870EA8F}"
	ProjectSection(SolutionItems) = preProject
		Config.xml = Config.xml
		Customer.xml = Customer.xml
		dal-config.xml = dal-config.xml
		Drone.xml = Drone.xml
		DroneCharge.xml = DroneCharge.xml
		Parcel.xml = Parcel.xml
		Station.xml = Station.xml
	EndProjectSection
EndProject
Project("{9A19103F-16F7-4668-BE54-9A1E7A4F7556}") = "DalXml", "DalXml\DalXml.csproj", "{E1BC88C3-E7DF-4175-B589-CA38430F27E4}"
EndProject
Global
	GlobalSection(SolutionConfigurationPlatforms) = preSolution
		Debug|Any CPU = Debug|Any CPU
		Release|Any CPU = Release|Any CPU
	EndGlobalSection
	GlobalSection(ProjectConfigurationPlatforms) = postSolution
		{0F0DE729-FCD6-4912-8C5B-A1E16E0EC16A}.Debug|Any CPU.ActiveCfg = Debug|Any CPU
		{0F0DE729-FCD6-4912-8C5B-A1E16E0EC16A}.Debug|Any CPU.Build.0 = Debug|Any CPU
		{0F0DE729-FCD6-4912-8C5B-A1E16E0EC16A}.Release|Any CPU.ActiveCfg = Release|Any CPU
		{0F0DE729-FCD6-4912-8C5B-A1E16E0EC16A}.Release|Any CPU.Build.0 = Release|Any CPU
		{ACBFE889-6886-45B9-8C4F-3F193405337E}.Debug|Any CPU.ActiveCfg = Debug|Any CPU
		{ACBFE889-6886-45B9-8C4F-3F193405337E}.Debug|Any CPU.Build.0 = Debug|Any CPU
		{ACBFE889-6886-45B9-8C4F-3F193405337E}.Release|Any CPU.ActiveCfg = Release|Any CPU
		{ACBFE889-6886-45B9-8C4F-3F193405337E}.Release|Any CPU.Build.0 = Release|Any CPU
		{B3F6CA1A-DDB7-4384-9CEA-BE0BE6AC52AD}.Debug|Any CPU.ActiveCfg = Debug|Any CPU
		{B3F6CA1A-DDB7-4384-9CEA-BE0BE6AC52AD}.Debug|Any CPU.Build.0 = Debug|Any CPU
		{B3F6CA1A-DDB7-4384-9CEA-BE0BE6AC52AD}.Release|Any CPU.ActiveCfg = Release|Any CPU
		{B3F6CA1A-DDB7-4384-9CEA-BE0BE6AC52AD}.Release|Any CPU.Build.0 = Release|Any CPU
		{20F721F9-7E27-479F-809B-03467BDB4092}.Debug|Any CPU.ActiveCfg = Debug|Any CPU
		{20F721F9-7E27-479F-809B-03467BDB4092}.Debug|Any CPU.Build.0 = Debug|Any CPU
		{20F721F9-7E27-479F-809B-03467BDB4092}.Release|Any CPU.ActiveCfg = Release|Any CPU
		{20F721F9-7E27-479F-809B-03467BDB4092}.Release|Any CPU.Build.0 = Release|Any CPU
		{4707424D-A9A0-456D-A274-25BCFC689442}.Debug|Any CPU.ActiveCfg = Debug|Any CPU
		{4707424D-A9A0-456D-A274-25BCFC689442}.Debug|Any CPU.Build.0 = Debug|Any CPU
		{4707424D-A9A0-456D-A274-25BCFC689442}.Release|Any CPU.ActiveCfg = Release|Any CPU
		{4707424D-A9A0-456D-A274-25BCFC689442}.Release|Any CPU.Build.0 = Release|Any CPU
		{3075B0D6-4193-432D-B201-BE2451954FA8}.Debug|Any CPU.ActiveCfg = Debug|Any CPU
		{3075B0D6-4193-432D-B201-BE2451954FA8}.Debug|Any CPU.Build.0 = Debug|Any CPU
		{3075B0D6-4193-432D-B201-BE2451954FA8}.Release|Any CPU.ActiveCfg = Release|Any CPU
		{3075B0D6-4193-432D-B201-BE2451954FA8}.Release|Any CPU.Build.0 = Release|Any CPU
		{D3B0C7DA-20B6-49F1-9C75-95572956F75B}.Debug|Any CPU.ActiveCfg = Debug|Any CPU
		{D3B0C7DA-20B6-49F1-9C75-95572956F75B}.Debug|Any CPU.Build.0 = Debug|Any CPU
		{D3B0C7DA-20B6-49F1-9C75-95572956F75B}.Release|Any CPU.ActiveCfg = Release|Any CPU
		{D3B0C7DA-20B6-49F1-9C75-95572956F75B}.Release|Any CPU.Build.0 = Release|Any CPU
		{E1BC88C3-E7DF-4175-B589-CA38430F27E4}.Debug|Any CPU.ActiveCfg = Debug|Any CPU
		{E1BC88C3-E7DF-4175-B589-CA38430F27E4}.Debug|Any CPU.Build.0 = Debug|Any CPU
		{E1BC88C3-E7DF-4175-B589-CA38430F27E4}.Release|Any CPU.ActiveCfg = Release|Any CPU
		{E1BC88C3-E7DF-4175-B589-CA38430F27E4}.Release|Any CPU.Build.0 = Release|Any CPU
	EndGlobalSection
	GlobalSection(SolutionProperties) = preSolution
		HideSolutionNode = FALSE
	EndGlobalSection
	GlobalSection(NestedProjects) = preSolution
		{36EF1AE6-5E2F-463D-BC8F-12759870EA8F} = {78760FD6-569E-439D-9DE1-D6C349F71EC8}
	EndGlobalSection
	GlobalSection(ExtensibilityGlobals) = postSolution
		SolutionGuid = {8AA04A84-1F80-4626-9034-44AEDE936571}
	EndGlobalSection
EndGlobal
