
Microsoft Visual Studio Solution File, Format Version 12.00
# Visual Studio Version 16
VisualStudioVersion = 16.0.31727.386
MinimumVisualStudioVersion = 10.0.40219.1
Project("{9A19103F-16F7-4668-BE54-9A1E7A4F7556}") = "Targil0", "Targil0\Targil0.csproj", "{0F0DE729-FCD6-4912-8C5B-A1E16E0EC16A}"
EndProject
Project("{2150E333-8FDC-42A3-9474-1A3956D46DE8}") = "Solution Items", "Solution Items", "{78760FD6-569E-439D-9DE1-D6C349F71EC8}"
	ProjectSection(SolutionItems) = preProject
		README.md = README.md
	EndProjectSection
EndProject
Global
	GlobalSection(SolutionConfigurationPlatforms) = preSolution
		Debug|Any CPU = Debug|Any CPU
		Release|Any CPU = Release|Any CPU
	EndGlobalSection
	GlobalSection(ProjectConfigurationPlatforms) = postSolution
		{0F0DE729-FCD6-4912-8C5B-A1E16E0EC16A}.Debug|Any CPU.ActiveCfg = Debug|Any CPU
		{0F0DE729-FCD6-4912-8C5B-A1E16E0EC16A}.Debug|Any CPU.Build.0 = Debug|Any CPU
		{0F0DE729-FCD6-4912-8C5B-A1E16E0EC16A}.Release|Any CPU.ActiveCfg = Release|Any CPU
		{0F0DE729-FCD6-4912-8C5B-A1E16E0EC16A}.Release|Any CPU.Build.0 = Release|Any CPU
	EndGlobalSection
	GlobalSection(SolutionProperties) = preSolution
		HideSolutionNode = FALSE
	EndGlobalSection
	GlobalSection(ExtensibilityGlobals) = postSolution
		SolutionGuid = {8AA04A84-1F80-4626-9034-44AEDE936571}
	EndGlobalSection
EndGlobal
